
Microsoft Visual Studio Solution File, Format Version 12.00
# Visual Studio 15
VisualStudioVersion = 15.0.28307.705
MinimumVisualStudioVersion = 10.0.40219.1
Project("{FAE04EC0-301F-11D3-BF4B-00C04F79EFBC}") = "AutomatedTelletMachine", "AutomatedTelletMachine\AutomatedTelletMachine.csproj", "{6F0A7633-BB4C-40A2-9088-BE814C9F0016}"
EndProject
Project("{FAE04EC0-301F-11D3-BF4B-00C04F79EFBC}") = "AutomatedTelletMachine.Tests", "AutomatedTelletMachine.Tests\AutomatedTelletMachine.Tests.csproj", "{1CEDE7C7-CD77-49A0-AC44-180B01DBE1EC}"
EndProject
Global
	GlobalSection(SolutionConfigurationPlatforms) = preSolution
		Debug|Any CPU = Debug|Any CPU
		Release|Any CPU = Release|Any CPU
	EndGlobalSection
	GlobalSection(ProjectConfigurationPlatforms) = postSolution
		{6F0A7633-BB4C-40A2-9088-BE814C9F0016}.Debug|Any CPU.ActiveCfg = Debug|Any CPU
		{6F0A7633-BB4C-40A2-9088-BE814C9F0016}.Debug|Any CPU.Build.0 = Debug|Any CPU
		{6F0A7633-BB4C-40A2-9088-BE814C9F0016}.Release|Any CPU.ActiveCfg = Release|Any CPU
		{6F0A7633-BB4C-40A2-9088-BE814C9F0016}.Release|Any CPU.Build.0 = Release|Any CPU
		{1CEDE7C7-CD77-49A0-AC44-180B01DBE1EC}.Debug|Any CPU.ActiveCfg = Debug|Any CPU
		{1CEDE7C7-CD77-49A0-AC44-180B01DBE1EC}.Debug|Any CPU.Build.0 = Debug|Any CPU
		{1CEDE7C7-CD77-49A0-AC44-180B01DBE1EC}.Release|Any CPU.ActiveCfg = Release|Any CPU
		{1CEDE7C7-CD77-49A0-AC44-180B01DBE1EC}.Release|Any CPU.Build.0 = Release|Any CPU
	EndGlobalSection
	GlobalSection(SolutionProperties) = preSolution
		HideSolutionNode = FALSE
	EndGlobalSection
	GlobalSection(ExtensibilityGlobals) = postSolution
		SolutionGuid = {FFB33B0A-4737-4950-A788-5C7E055264FD}
	EndGlobalSection
EndGlobal
